
Microsoft Visual Studio Solution File, Format Version 12.00
# Visual Studio 15
VisualStudioVersion = 15.0.28307.329
MinimumVisualStudioVersion = 10.0.40219.1
Project("{FAE04EC0-301F-11D3-BF4B-00C04F79EFBC}") = "App_BuscaCep.Android", "App_BuscaCep\App_BuscaCep.Android\App_BuscaCep.Android.csproj", "{1F273274-4401-4070-85AA-3B3BE402C1D2}"
EndProject
Project("{FAE04EC0-301F-11D3-BF4B-00C04F79EFBC}") = "App_BuscaCep.iOS", "App_BuscaCep\App_BuscaCep.iOS\App_BuscaCep.iOS.csproj", "{3DBB5AD7-C7A5-45E9-947F-C71829C26302}"
EndProject
Project("{FAE04EC0-301F-11D3-BF4B-00C04F79EFBC}") = "App_BuscaCep.UWP", "App_BuscaCep\App_BuscaCep.UWP\App_BuscaCep.UWP.csproj", "{CF7AFABE-BC9F-403B-8A95-FA920D2EBEFB}"
EndProject
Project("{FAE04EC0-301F-11D3-BF4B-00C04F79EFBC}") = "App_BuscaCep", "App_BuscaCep\App_BuscaCep\App_BuscaCep.csproj", "{6BAD50EA-304C-4B16-956D-7C88187FAB61}"
EndProject
Global
	GlobalSection(SolutionConfigurationPlatforms) = preSolution
		Ad-Hoc|Any CPU = Ad-Hoc|Any CPU
		Ad-Hoc|ARM = Ad-Hoc|ARM
		Ad-Hoc|iPhone = Ad-Hoc|iPhone
		Ad-Hoc|iPhoneSimulator = Ad-Hoc|iPhoneSimulator
		Ad-Hoc|x64 = Ad-Hoc|x64
		Ad-Hoc|x86 = Ad-Hoc|x86
		AppStore|Any CPU = AppStore|Any CPU
		AppStore|ARM = AppStore|ARM
		AppStore|iPhone = AppStore|iPhone
		AppStore|iPhoneSimulator = AppStore|iPhoneSimulator
		AppStore|x64 = AppStore|x64
		AppStore|x86 = AppStore|x86
		Debug|Any CPU = Debug|Any CPU
		Debug|ARM = Debug|ARM
		Debug|iPhone = Debug|iPhone
		Debug|iPhoneSimulator = Debug|iPhoneSimulator
		Debug|x64 = Debug|x64
		Debug|x86 = Debug|x86
		Release|Any CPU = Release|Any CPU
		Release|ARM = Release|ARM
		Release|iPhone = Release|iPhone
		Release|iPhoneSimulator = Release|iPhoneSimulator
		Release|x64 = Release|x64
		Release|x86 = Release|x86
	EndGlobalSection
	GlobalSection(ProjectConfigurationPlatforms) = postSolution
		{1F273274-4401-4070-85AA-3B3BE402C1D2}.Ad-Hoc|Any CPU.ActiveCfg = Release|Any CPU
		{1F273274-4401-4070-85AA-3B3BE402C1D2}.Ad-Hoc|Any CPU.Build.0 = Release|Any CPU
		{1F273274-4401-4070-85AA-3B3BE402C1D2}.Ad-Hoc|Any CPU.Deploy.0 = Release|Any CPU
		{1F273274-4401-4070-85AA-3B3BE402C1D2}.Ad-Hoc|ARM.ActiveCfg = Release|Any CPU
		{1F273274-4401-4070-85AA-3B3BE402C1D2}.Ad-Hoc|ARM.Build.0 = Release|Any CPU
		{1F273274-4401-4070-85AA-3B3BE402C1D2}.Ad-Hoc|ARM.Deploy.0 = Release|Any CPU
		{1F273274-4401-4070-85AA-3B3BE402C1D2}.Ad-Hoc|iPhone.ActiveCfg = Release|Any CPU
		{1F273274-4401-4070-85AA-3B3BE402C1D2}.Ad-Hoc|iPhone.Build.0 = Release|Any CPU
		{1F273274-4401-4070-85AA-3B3BE402C1D2}.Ad-Hoc|iPhone.Deploy.0 = Release|Any CPU
		{1F273274-4401-4070-85AA-3B3BE402C1D2}.Ad-Hoc|iPhoneSimulator.ActiveCfg = Release|Any CPU
		{1F273274-4401-4070-85AA-3B3BE402C1D2}.Ad-Hoc|iPhoneSimulator.Build.0 = Release|Any CPU
		{1F273274-4401-4070-85AA-3B3BE402C1D2}.Ad-Hoc|iPhoneSimulator.Deploy.0 = Release|Any CPU
		{1F273274-4401-4070-85AA-3B3BE402C1D2}.Ad-Hoc|x64.ActiveCfg = Release|Any CPU
		{1F273274-4401-4070-85AA-3B3BE402C1D2}.Ad-Hoc|x64.Build.0 = Release|Any CPU
		{1F273274-4401-4070-85AA-3B3BE402C1D2}.Ad-Hoc|x64.Deploy.0 = Release|Any CPU
		{1F273274-4401-4070-85AA-3B3BE402C1D2}.Ad-Hoc|x86.ActiveCfg = Release|Any CPU
		{1F273274-4401-4070-85AA-3B3BE402C1D2}.Ad-Hoc|x86.Build.0 = Release|Any CPU
		{1F273274-4401-4070-85AA-3B3BE402C1D2}.Ad-Hoc|x86.Deploy.0 = Release|Any CPU
		{1F273274-4401-4070-85AA-3B3BE402C1D2}.AppStore|Any CPU.ActiveCfg = Release|Any CPU
		{1F273274-4401-4070-85AA-3B3BE402C1D2}.AppStore|Any CPU.Build.0 = Release|Any CPU
		{1F273274-4401-4070-85AA-3B3BE402C1D2}.AppStore|Any CPU.Deploy.0 = Release|Any CPU
		{1F273274-4401-4070-85AA-3B3BE402C1D2}.AppStore|ARM.ActiveCfg = Release|Any CPU
		{1F273274-4401-4070-85AA-3B3BE402C1D2}.AppStore|ARM.Build.0 = Release|Any CPU
		{1F273274-4401-4070-85AA-3B3BE402C1D2}.AppStore|ARM.Deploy.0 = Release|Any CPU
		{1F273274-4401-4070-85AA-3B3BE402C1D2}.AppStore|iPhone.ActiveCfg = Release|Any CPU
		{1F273274-4401-4070-85AA-3B3BE402C1D2}.AppStore|iPhone.Build.0 = Release|Any CPU
		{1F273274-4401-4070-85AA-3B3BE402C1D2}.AppStore|iPhone.Deploy.0 = Release|Any CPU
		{1F273274-4401-4070-85AA-3B3BE402C1D2}.AppStore|iPhoneSimulator.ActiveCfg = Release|Any CPU
		{1F273274-4401-4070-85AA-3B3BE402C1D2}.AppStore|iPhoneSimulator.Build.0 = Release|Any CPU
		{1F273274-4401-4070-85AA-3B3BE402C1D2}.AppStore|iPhoneSimulator.Deploy.0 = Release|Any CPU
		{1F273274-4401-4070-85AA-3B3BE402C1D2}.AppStore|x64.ActiveCfg = Release|Any CPU
		{1F273274-4401-4070-85AA-3B3BE402C1D2}.AppStore|x64.Build.0 = Release|Any CPU
		{1F273274-4401-4070-85AA-3B3BE402C1D2}.AppStore|x64.Deploy.0 = Release|Any CPU
		{1F273274-4401-4070-85AA-3B3BE402C1D2}.AppStore|x86.ActiveCfg = Release|Any CPU
		{1F273274-4401-4070-85AA-3B3BE402C1D2}.AppStore|x86.Build.0 = Release|Any CPU
		{1F273274-4401-4070-85AA-3B3BE402C1D2}.AppStore|x86.Deploy.0 = Release|Any CPU
		{1F273274-4401-4070-85AA-3B3BE402C1D2}.Debug|Any CPU.ActiveCfg = Debug|Any CPU
		{1F273274-4401-4070-85AA-3B3BE402C1D2}.Debug|Any CPU.Build.0 = Debug|Any CPU
		{1F273274-4401-4070-85AA-3B3BE402C1D2}.Debug|Any CPU.Deploy.0 = Debug|Any CPU
		{1F273274-4401-4070-85AA-3B3BE402C1D2}.Debug|ARM.ActiveCfg = Debug|Any CPU
		{1F273274-4401-4070-85AA-3B3BE402C1D2}.Debug|ARM.Build.0 = Debug|Any CPU
		{1F273274-4401-4070-85AA-3B3BE402C1D2}.Debug|ARM.Deploy.0 = Debug|Any CPU
		{1F273274-4401-4070-85AA-3B3BE402C1D2}.Debug|iPhone.ActiveCfg = Debug|Any CPU
		{1F273274-4401-4070-85AA-3B3BE402C1D2}.Debug|iPhone.Build.0 = Debug|Any CPU
		{1F273274-4401-4070-85AA-3B3BE402C1D2}.Debug|iPhone.Deploy.0 = Debug|Any CPU
		{1F273274-4401-4070-85AA-3B3BE402C1D2}.Debug|iPhoneSimulator.ActiveCfg = Debug|Any CPU
		{1F273274-4401-4070-85AA-3B3BE402C1D2}.Debug|iPhoneSimulator.Build.0 = Debug|Any CPU
		{1F273274-4401-4070-85AA-3B3BE402C1D2}.Debug|iPhoneSimulator.Deploy.0 = Debug|Any CPU
		{1F273274-4401-4070-85AA-3B3BE402C1D2}.Debug|x64.ActiveCfg = Debug|Any CPU
		{1F273274-4401-4070-85AA-3B3BE402C1D2}.Debug|x64.Build.0 = Debug|Any CPU
		{1F273274-4401-4070-85AA-3B3BE402C1D2}.Debug|x64.Deploy.0 = Debug|Any CPU
		{1F273274-4401-4070-85AA-3B3BE402C1D2}.Debug|x86.ActiveCfg = Debug|Any CPU
		{1F273274-4401-4070-85AA-3B3BE402C1D2}.Debug|x86.Build.0 = Debug|Any CPU
		{1F273274-4401-4070-85AA-3B3BE402C1D2}.Debug|x86.Deploy.0 = Debug|Any CPU
		{1F273274-4401-4070-85AA-3B3BE402C1D2}.Release|Any CPU.ActiveCfg = Release|Any CPU
		{1F273274-4401-4070-85AA-3B3BE402C1D2}.Release|Any CPU.Build.0 = Release|Any CPU
		{1F273274-4401-4070-85AA-3B3BE402C1D2}.Release|Any CPU.Deploy.0 = Release|Any CPU
		{1F273274-4401-4070-85AA-3B3BE402C1D2}.Release|ARM.ActiveCfg = Release|Any CPU
		{1F273274-4401-4070-85AA-3B3BE402C1D2}.Release|ARM.Build.0 = Release|Any CPU
		{1F273274-4401-4070-85AA-3B3BE402C1D2}.Release|ARM.Deploy.0 = Release|Any CPU
		{1F273274-4401-4070-85AA-3B3BE402C1D2}.Release|iPhone.ActiveCfg = Release|Any CPU
		{1F273274-4401-4070-85AA-3B3BE402C1D2}.Release|iPhone.Build.0 = Release|Any CPU
		{1F273274-4401-4070-85AA-3B3BE402C1D2}.Release|iPhone.Deploy.0 = Release|Any CPU
		{1F273274-4401-4070-85AA-3B3BE402C1D2}.Release|iPhoneSimulator.ActiveCfg = Release|Any CPU
		{1F273274-4401-4070-85AA-3B3BE402C1D2}.Release|iPhoneSimulator.Build.0 = Release|Any CPU
		{1F273274-4401-4070-85AA-3B3BE402C1D2}.Release|iPhoneSimulator.Deploy.0 = Release|Any CPU
		{1F273274-4401-4070-85AA-3B3BE402C1D2}.Release|x64.ActiveCfg = Release|Any CPU
		{1F273274-4401-4070-85AA-3B3BE402C1D2}.Release|x64.Build.0 = Release|Any CPU
		{1F273274-4401-4070-85AA-3B3BE402C1D2}.Release|x64.Deploy.0 = Release|Any CPU
		{1F273274-4401-4070-85AA-3B3BE402C1D2}.Release|x86.ActiveCfg = Release|Any CPU
		{1F273274-4401-4070-85AA-3B3BE402C1D2}.Release|x86.Build.0 = Release|Any CPU
		{1F273274-4401-4070-85AA-3B3BE402C1D2}.Release|x86.Deploy.0 = Release|Any CPU
		{3DBB5AD7-C7A5-45E9-947F-C71829C26302}.Ad-Hoc|Any CPU.ActiveCfg = Ad-Hoc|iPhone
		{3DBB5AD7-C7A5-45E9-947F-C71829C26302}.Ad-Hoc|Any CPU.Build.0 = Ad-Hoc|iPhone
		{3DBB5AD7-C7A5-45E9-947F-C71829C26302}.Ad-Hoc|Any CPU.Deploy.0 = Ad-Hoc|iPhone
		{3DBB5AD7-C7A5-45E9-947F-C71829C26302}.Ad-Hoc|ARM.ActiveCfg = Ad-Hoc|iPhone
		{3DBB5AD7-C7A5-45E9-947F-C71829C26302}.Ad-Hoc|ARM.Build.0 = Ad-Hoc|iPhone
		{3DBB5AD7-C7A5-45E9-947F-C71829C26302}.Ad-Hoc|ARM.Deploy.0 = Ad-Hoc|iPhone
		{3DBB5AD7-C7A5-45E9-947F-C71829C26302}.Ad-Hoc|iPhone.ActiveCfg = Ad-Hoc|iPhone
		{3DBB5AD7-C7A5-45E9-947F-C71829C26302}.Ad-Hoc|iPhone.Build.0 = Ad-Hoc|iPhone
		{3DBB5AD7-C7A5-45E9-947F-C71829C26302}.Ad-Hoc|iPhone.Deploy.0 = Ad-Hoc|iPhone
		{3DBB5AD7-C7A5-45E9-947F-C71829C26302}.Ad-Hoc|iPhoneSimulator.ActiveCfg = Ad-Hoc|iPhoneSimulator
		{3DBB5AD7-C7A5-45E9-947F-C71829C26302}.Ad-Hoc|iPhoneSimulator.Build.0 = Ad-Hoc|iPhoneSimulator
		{3DBB5AD7-C7A5-45E9-947F-C71829C26302}.Ad-Hoc|iPhoneSimulator.Deploy.0 = Ad-Hoc|iPhoneSimulator
		{3DBB5AD7-C7A5-45E9-947F-C71829C26302}.Ad-Hoc|x64.ActiveCfg = Ad-Hoc|iPhone
		{3DBB5AD7-C7A5-45E9-947F-C71829C26302}.Ad-Hoc|x64.Build.0 = Ad-Hoc|iPhone
		{3DBB5AD7-C7A5-45E9-947F-C71829C26302}.Ad-Hoc|x64.Deploy.0 = Ad-Hoc|iPhone
		{3DBB5AD7-C7A5-45E9-947F-C71829C26302}.Ad-Hoc|x86.ActiveCfg = Ad-Hoc|iPhone
		{3DBB5AD7-C7A5-45E9-947F-C71829C26302}.Ad-Hoc|x86.Build.0 = Ad-Hoc|iPhone
		{3DBB5AD7-C7A5-45E9-947F-C71829C26302}.Ad-Hoc|x86.Deploy.0 = Ad-Hoc|iPhone
		{3DBB5AD7-C7A5-45E9-947F-C71829C26302}.AppStore|Any CPU.ActiveCfg = AppStore|iPhone
		{3DBB5AD7-C7A5-45E9-947F-C71829C26302}.AppStore|Any CPU.Build.0 = AppStore|iPhone
		{3DBB5AD7-C7A5-45E9-947F-C71829C26302}.AppStore|Any CPU.Deploy.0 = AppStore|iPhone
		{3DBB5AD7-C7A5-45E9-947F-C71829C26302}.AppStore|ARM.ActiveCfg = AppStore|iPhone
		{3DBB5AD7-C7A5-45E9-947F-C71829C26302}.AppStore|ARM.Build.0 = AppStore|iPhone
		{3DBB5AD7-C7A5-45E9-947F-C71829C26302}.AppStore|ARM.Deploy.0 = AppStore|iPhone
		{3DBB5AD7-C7A5-45E9-947F-C71829C26302}.AppStore|iPhone.ActiveCfg = AppStore|iPhone
		{3DBB5AD7-C7A5-45E9-947F-C71829C26302}.AppStore|iPhone.Build.0 = AppStore|iPhone
		{3DBB5AD7-C7A5-45E9-947F-C71829C26302}.AppStore|iPhone.Deploy.0 = AppStore|iPhone
		{3DBB5AD7-C7A5-45E9-947F-C71829C26302}.AppStore|iPhoneSimulator.ActiveCfg = AppStore|iPhoneSimulator
		{3DBB5AD7-C7A5-45E9-947F-C71829C26302}.AppStore|iPhoneSimulator.Build.0 = AppStore|iPhoneSimulator
		{3DBB5AD7-C7A5-45E9-947F-C71829C26302}.AppStore|iPhoneSimulator.Deploy.0 = AppStore|iPhoneSimulator
		{3DBB5AD7-C7A5-45E9-947F-C71829C26302}.AppStore|x64.ActiveCfg = AppStore|iPhone
		{3DBB5AD7-C7A5-45E9-947F-C71829C26302}.AppStore|x64.Build.0 = AppStore|iPhone
		{3DBB5AD7-C7A5-45E9-947F-C71829C26302}.AppStore|x64.Deploy.0 = AppStore|iPhone
		{3DBB5AD7-C7A5-45E9-947F-C71829C26302}.AppStore|x86.ActiveCfg = AppStore|iPhone
		{3DBB5AD7-C7A5-45E9-947F-C71829C26302}.AppStore|x86.Build.0 = AppStore|iPhone
		{3DBB5AD7-C7A5-45E9-947F-C71829C26302}.AppStore|x86.Deploy.0 = AppStore|iPhone
		{3DBB5AD7-C7A5-45E9-947F-C71829C26302}.Debug|Any CPU.ActiveCfg = Debug|iPhoneSimulator
		{3DBB5AD7-C7A5-45E9-947F-C71829C26302}.Debug|Any CPU.Build.0 = Debug|iPhoneSimulator
		{3DBB5AD7-C7A5-45E9-947F-C71829C26302}.Debug|Any CPU.Deploy.0 = Debug|iPhoneSimulator
		{3DBB5AD7-C7A5-45E9-947F-C71829C26302}.Debug|ARM.ActiveCfg = Debug|iPhone
		{3DBB5AD7-C7A5-45E9-947F-C71829C26302}.Debug|ARM.Build.0 = Debug|iPhone
		{3DBB5AD7-C7A5-45E9-947F-C71829C26302}.Debug|ARM.Deploy.0 = Debug|iPhone
		{3DBB5AD7-C7A5-45E9-947F-C71829C26302}.Debug|iPhone.ActiveCfg = Debug|iPhone
		{3DBB5AD7-C7A5-45E9-947F-C71829C26302}.Debug|iPhone.Build.0 = Debug|iPhone
		{3DBB5AD7-C7A5-45E9-947F-C71829C26302}.Debug|iPhone.Deploy.0 = Debug|iPhone
		{3DBB5AD7-C7A5-45E9-947F-C71829C26302}.Debug|iPhoneSimulator.ActiveCfg = Debug|iPhoneSimulator
		{3DBB5AD7-C7A5-45E9-947F-C71829C26302}.Debug|iPhoneSimulator.Build.0 = Debug|iPhoneSimulator
		{3DBB5AD7-C7A5-45E9-947F-C71829C26302}.Debug|iPhoneSimulator.Deploy.0 = Debug|iPhoneSimulator
		{3DBB5AD7-C7A5-45E9-947F-C71829C26302}.Debug|x64.ActiveCfg = Debug|iPhone
		{3DBB5AD7-C7A5-45E9-947F-C71829C26302}.Debug|x64.Build.0 = Debug|iPhone
		{3DBB5AD7-C7A5-45E9-947F-C71829C26302}.Debug|x64.Deploy.0 = Debug|iPhone
		{3DBB5AD7-C7A5-45E9-947F-C71829C26302}.Debug|x86.ActiveCfg = Debug|iPhone
		{3DBB5AD7-C7A5-45E9-947F-C71829C26302}.Debug|x86.Build.0 = Debug|iPhone
		{3DBB5AD7-C7A5-45E9-947F-C71829C26302}.Debug|x86.Deploy.0 = Debug|iPhone
		{3DBB5AD7-C7A5-45E9-947F-C71829C26302}.Release|Any CPU.ActiveCfg = Release|iPhone
		{3DBB5AD7-C7A5-45E9-947F-C71829C26302}.Release|Any CPU.Build.0 = Release|iPhone
		{3DBB5AD7-C7A5-45E9-947F-C71829C26302}.Release|Any CPU.Deploy.0 = Release|iPhone
		{3DBB5AD7-C7A5-45E9-947F-C71829C26302}.Release|ARM.ActiveCfg = Release|iPhone
		{3DBB5AD7-C7A5-45E9-947F-C71829C26302}.Release|ARM.Build.0 = Release|iPhone
		{3DBB5AD7-C7A5-45E9-947F-C71829C26302}.Release|ARM.Deploy.0 = Release|iPhone
		{3DBB5AD7-C7A5-45E9-947F-C71829C26302}.Release|iPhone.ActiveCfg = Release|iPhone
		{3DBB5AD7-C7A5-45E9-947F-C71829C26302}.Release|iPhone.Build.0 = Release|iPhone
		{3DBB5AD7-C7A5-45E9-947F-C71829C26302}.Release|iPhone.Deploy.0 = Release|iPhone
		{3DBB5AD7-C7A5-45E9-947F-C71829C26302}.Release|iPhoneSimulator.ActiveCfg = Release|iPhoneSimulator
		{3DBB5AD7-C7A5-45E9-947F-C71829C26302}.Release|iPhoneSimulator.Build.0 = Release|iPhoneSimulator
		{3DBB5AD7-C7A5-45E9-947F-C71829C26302}.Release|iPhoneSimulator.Deploy.0 = Release|iPhoneSimulator
		{3DBB5AD7-C7A5-45E9-947F-C71829C26302}.Release|x64.ActiveCfg = Release|iPhone
		{3DBB5AD7-C7A5-45E9-947F-C71829C26302}.Release|x64.Build.0 = Release|iPhone
		{3DBB5AD7-C7A5-45E9-947F-C71829C26302}.Release|x64.Deploy.0 = Release|iPhone
		{3DBB5AD7-C7A5-45E9-947F-C71829C26302}.Release|x86.ActiveCfg = Release|iPhone
		{3DBB5AD7-C7A5-45E9-947F-C71829C26302}.Release|x86.Build.0 = Release|iPhone
		{3DBB5AD7-C7A5-45E9-947F-C71829C26302}.Release|x86.Deploy.0 = Release|iPhone
		{CF7AFABE-BC9F-403B-8A95-FA920D2EBEFB}.Ad-Hoc|Any CPU.ActiveCfg = Release|x86
		{CF7AFABE-BC9F-403B-8A95-FA920D2EBEFB}.Ad-Hoc|Any CPU.Build.0 = Release|x86
		{CF7AFABE-BC9F-403B-8A95-FA920D2EBEFB}.Ad-Hoc|Any CPU.Deploy.0 = Release|x86
		{CF7AFABE-BC9F-403B-8A95-FA920D2EBEFB}.Ad-Hoc|ARM.ActiveCfg = Release|ARM
		{CF7AFABE-BC9F-403B-8A95-FA920D2EBEFB}.Ad-Hoc|ARM.Build.0 = Release|ARM
		{CF7AFABE-BC9F-403B-8A95-FA920D2EBEFB}.Ad-Hoc|ARM.Deploy.0 = Release|ARM
		{CF7AFABE-BC9F-403B-8A95-FA920D2EBEFB}.Ad-Hoc|iPhone.ActiveCfg = Release|x86
		{CF7AFABE-BC9F-403B-8A95-FA920D2EBEFB}.Ad-Hoc|iPhone.Build.0 = Release|x86
		{CF7AFABE-BC9F-403B-8A95-FA920D2EBEFB}.Ad-Hoc|iPhone.Deploy.0 = Release|x86
		{CF7AFABE-BC9F-403B-8A95-FA920D2EBEFB}.Ad-Hoc|iPhoneSimulator.ActiveCfg = Release|x86
		{CF7AFABE-BC9F-403B-8A95-FA920D2EBEFB}.Ad-Hoc|iPhoneSimulator.Build.0 = Release|x86
		{CF7AFABE-BC9F-403B-8A95-FA920D2EBEFB}.Ad-Hoc|iPhoneSimulator.Deploy.0 = Release|x86
		{CF7AFABE-BC9F-403B-8A95-FA920D2EBEFB}.Ad-Hoc|x64.ActiveCfg = Release|x64
		{CF7AFABE-BC9F-403B-8A95-FA920D2EBEFB}.Ad-Hoc|x64.Build.0 = Release|x64
		{CF7AFABE-BC9F-403B-8A95-FA920D2EBEFB}.Ad-Hoc|x64.Deploy.0 = Release|x64
		{CF7AFABE-BC9F-403B-8A95-FA920D2EBEFB}.Ad-Hoc|x86.ActiveCfg = Release|x86
		{CF7AFABE-BC9F-403B-8A95-FA920D2EBEFB}.Ad-Hoc|x86.Build.0 = Release|x86
		{CF7AFABE-BC9F-403B-8A95-FA920D2EBEFB}.Ad-Hoc|x86.Deploy.0 = Release|x86
		{CF7AFABE-BC9F-403B-8A95-FA920D2EBEFB}.AppStore|Any CPU.ActiveCfg = Release|x86
		{CF7AFABE-BC9F-403B-8A95-FA920D2EBEFB}.AppStore|Any CPU.Build.0 = Release|x86
		{CF7AFABE-BC9F-403B-8A95-FA920D2EBEFB}.AppStore|Any CPU.Deploy.0 = Release|x86
		{CF7AFABE-BC9F-403B-8A95-FA920D2EBEFB}.AppStore|ARM.ActiveCfg = Release|ARM
		{CF7AFABE-BC9F-403B-8A95-FA920D2EBEFB}.AppStore|ARM.Build.0 = Release|ARM
		{CF7AFABE-BC9F-403B-8A95-FA920D2EBEFB}.AppStore|ARM.Deploy.0 = Release|ARM
		{CF7AFABE-BC9F-403B-8A95-FA920D2EBEFB}.AppStore|iPhone.ActiveCfg = Release|x86
		{CF7AFABE-BC9F-403B-8A95-FA920D2EBEFB}.AppStore|iPhone.Build.0 = Release|x86
		{CF7AFABE-BC9F-403B-8A95-FA920D2EBEFB}.AppStore|iPhone.Deploy.0 = Release|x86
		{CF7AFABE-BC9F-403B-8A95-FA920D2EBEFB}.AppStore|iPhoneSimulator.ActiveCfg = Release|x86
		{CF7AFABE-BC9F-403B-8A95-FA920D2EBEFB}.AppStore|iPhoneSimulator.Build.0 = Release|x86
		{CF7AFABE-BC9F-403B-8A95-FA920D2EBEFB}.AppStore|iPhoneSimulator.Deploy.0 = Release|x86
		{CF7AFABE-BC9F-403B-8A95-FA920D2EBEFB}.AppStore|x64.ActiveCfg = Release|x64
		{CF7AFABE-BC9F-403B-8A95-FA920D2EBEFB}.AppStore|x64.Build.0 = Release|x64
		{CF7AFABE-BC9F-403B-8A95-FA920D2EBEFB}.AppStore|x64.Deploy.0 = Release|x64
		{CF7AFABE-BC9F-403B-8A95-FA920D2EBEFB}.AppStore|x86.ActiveCfg = Release|x86
		{CF7AFABE-BC9F-403B-8A95-FA920D2EBEFB}.AppStore|x86.Build.0 = Release|x86
		{CF7AFABE-BC9F-403B-8A95-FA920D2EBEFB}.AppStore|x86.Deploy.0 = Release|x86
		{CF7AFABE-BC9F-403B-8A95-FA920D2EBEFB}.Debug|Any CPU.ActiveCfg = Debug|x86
		{CF7AFABE-BC9F-403B-8A95-FA920D2EBEFB}.Debug|Any CPU.Build.0 = Debug|x86
		{CF7AFABE-BC9F-403B-8A95-FA920D2EBEFB}.Debug|Any CPU.Deploy.0 = Debug|x86
		{CF7AFABE-BC9F-403B-8A95-FA920D2EBEFB}.Debug|ARM.ActiveCfg = Debug|ARM
		{CF7AFABE-BC9F-403B-8A95-FA920D2EBEFB}.Debug|ARM.Build.0 = Debug|ARM
		{CF7AFABE-BC9F-403B-8A95-FA920D2EBEFB}.Debug|ARM.Deploy.0 = Debug|ARM
		{CF7AFABE-BC9F-403B-8A95-FA920D2EBEFB}.Debug|iPhone.ActiveCfg = Debug|x86
		{CF7AFABE-BC9F-403B-8A95-FA920D2EBEFB}.Debug|iPhone.Build.0 = Debug|x86
		{CF7AFABE-BC9F-403B-8A95-FA920D2EBEFB}.Debug|iPhone.Deploy.0 = Debug|x86
		{CF7AFABE-BC9F-403B-8A95-FA920D2EBEFB}.Debug|iPhoneSimulator.ActiveCfg = Debug|x86
		{CF7AFABE-BC9F-403B-8A95-FA920D2EBEFB}.Debug|iPhoneSimulator.Build.0 = Debug|x86
		{CF7AFABE-BC9F-403B-8A95-FA920D2EBEFB}.Debug|iPhoneSimulator.Deploy.0 = Debug|x86
		{CF7AFABE-BC9F-403B-8A95-FA920D2EBEFB}.Debug|x64.ActiveCfg = Debug|x64
		{CF7AFABE-BC9F-403B-8A95-FA920D2EBEFB}.Debug|x64.Build.0 = Debug|x64
		{CF7AFABE-BC9F-403B-8A95-FA920D2EBEFB}.Debug|x64.Deploy.0 = Debug|x64
		{CF7AFABE-BC9F-403B-8A95-FA920D2EBEFB}.Debug|x86.ActiveCfg = Debug|x86
		{CF7AFABE-BC9F-403B-8A95-FA920D2EBEFB}.Debug|x86.Build.0 = Debug|x86
		{CF7AFABE-BC9F-403B-8A95-FA920D2EBEFB}.Debug|x86.Deploy.0 = Debug|x86
		{CF7AFABE-BC9F-403B-8A95-FA920D2EBEFB}.Release|Any CPU.ActiveCfg = Release|x86
		{CF7AFABE-BC9F-403B-8A95-FA920D2EBEFB}.Release|Any CPU.Build.0 = Release|x86
		{CF7AFABE-BC9F-403B-8A95-FA920D2EBEFB}.Release|Any CPU.Deploy.0 = Release|x86
		{CF7AFABE-BC9F-403B-8A95-FA920D2EBEFB}.Release|ARM.ActiveCfg = Release|ARM
		{CF7AFABE-BC9F-403B-8A95-FA920D2EBEFB}.Release|ARM.Build.0 = Release|ARM
		{CF7AFABE-BC9F-403B-8A95-FA920D2EBEFB}.Release|ARM.Deploy.0 = Release|ARM
		{CF7AFABE-BC9F-403B-8A95-FA920D2EBEFB}.Release|iPhone.ActiveCfg = Release|x86
		{CF7AFABE-BC9F-403B-8A95-FA920D2EBEFB}.Release|iPhone.Build.0 = Release|x86
		{CF7AFABE-BC9F-403B-8A95-FA920D2EBEFB}.Release|iPhone.Deploy.0 = Release|x86
		{CF7AFABE-BC9F-403B-8A95-FA920D2EBEFB}.Release|iPhoneSimulator.ActiveCfg = Release|x86
		{CF7AFABE-BC9F-403B-8A95-FA920D2EBEFB}.Release|iPhoneSimulator.Build.0 = Release|x86
		{CF7AFABE-BC9F-403B-8A95-FA920D2EBEFB}.Release|iPhoneSimulator.Deploy.0 = Release|x86
		{CF7AFABE-BC9F-403B-8A95-FA920D2EBEFB}.Release|x64.ActiveCfg = Release|x64
		{CF7AFABE-BC9F-403B-8A95-FA920D2EBEFB}.Release|x64.Build.0 = Release|x64
		{CF7AFABE-BC9F-403B-8A95-FA920D2EBEFB}.Release|x64.Deploy.0 = Release|x64
		{CF7AFABE-BC9F-403B-8A95-FA920D2EBEFB}.Release|x86.ActiveCfg = Release|x86
		{CF7AFABE-BC9F-403B-8A95-FA920D2EBEFB}.Release|x86.Build.0 = Release|x86
		{CF7AFABE-BC9F-403B-8A95-FA920D2EBEFB}.Release|x86.Deploy.0 = Release|x86
		{6BAD50EA-304C-4B16-956D-7C88187FAB61}.Ad-Hoc|Any CPU.ActiveCfg = Debug|Any CPU
		{6BAD50EA-304C-4B16-956D-7C88187FAB61}.Ad-Hoc|Any CPU.Build.0 = Debug|Any CPU
		{6BAD50EA-304C-4B16-956D-7C88187FAB61}.Ad-Hoc|Any CPU.Deploy.0 = Debug|Any CPU
		{6BAD50EA-304C-4B16-956D-7C88187FAB61}.Ad-Hoc|ARM.ActiveCfg = Debug|Any CPU
		{6BAD50EA-304C-4B16-956D-7C88187FAB61}.Ad-Hoc|ARM.Build.0 = Debug|Any CPU
		{6BAD50EA-304C-4B16-956D-7C88187FAB61}.Ad-Hoc|ARM.Deploy.0 = Debug|Any CPU
		{6BAD50EA-304C-4B16-956D-7C88187FAB61}.Ad-Hoc|iPhone.ActiveCfg = Debug|Any CPU
		{6BAD50EA-304C-4B16-956D-7C88187FAB61}.Ad-Hoc|iPhone.Build.0 = Debug|Any CPU
		{6BAD50EA-304C-4B16-956D-7C88187FAB61}.Ad-Hoc|iPhone.Deploy.0 = Debug|Any CPU
		{6BAD50EA-304C-4B16-956D-7C88187FAB61}.Ad-Hoc|iPhoneSimulator.ActiveCfg = Debug|Any CPU
		{6BAD50EA-304C-4B16-956D-7C88187FAB61}.Ad-Hoc|iPhoneSimulator.Build.0 = Debug|Any CPU
		{6BAD50EA-304C-4B16-956D-7C88187FAB61}.Ad-Hoc|iPhoneSimulator.Deploy.0 = Debug|Any CPU
		{6BAD50EA-304C-4B16-956D-7C88187FAB61}.Ad-Hoc|x64.ActiveCfg = Debug|Any CPU
		{6BAD50EA-304C-4B16-956D-7C88187FAB61}.Ad-Hoc|x64.Build.0 = Debug|Any CPU
		{6BAD50EA-304C-4B16-956D-7C88187FAB61}.Ad-Hoc|x64.Deploy.0 = Debug|Any CPU
		{6BAD50EA-304C-4B16-956D-7C88187FAB61}.Ad-Hoc|x86.ActiveCfg = Debug|Any CPU
		{6BAD50EA-304C-4B16-956D-7C88187FAB61}.Ad-Hoc|x86.Build.0 = Debug|Any CPU
		{6BAD50EA-304C-4B16-956D-7C88187FAB61}.Ad-Hoc|x86.Deploy.0 = Debug|Any CPU
		{6BAD50EA-304C-4B16-956D-7C88187FAB61}.AppStore|Any CPU.ActiveCfg = Debug|Any CPU
		{6BAD50EA-304C-4B16-956D-7C88187FAB61}.AppStore|Any CPU.Build.0 = Debug|Any CPU
		{6BAD50EA-304C-4B16-956D-7C88187FAB61}.AppStore|Any CPU.Deploy.0 = Debug|Any CPU
		{6BAD50EA-304C-4B16-956D-7C88187FAB61}.AppStore|ARM.ActiveCfg = Debug|Any CPU
		{6BAD50EA-304C-4B16-956D-7C88187FAB61}.AppStore|ARM.Build.0 = Debug|Any CPU
		{6BAD50EA-304C-4B16-956D-7C88187FAB61}.AppStore|ARM.Deploy.0 = Debug|Any CPU
		{6BAD50EA-304C-4B16-956D-7C88187FAB61}.AppStore|iPhone.ActiveCfg = Debug|Any CPU
		{6BAD50EA-304C-4B16-956D-7C88187FAB61}.AppStore|iPhone.Build.0 = Debug|Any CPU
		{6BAD50EA-304C-4B16-956D-7C88187FAB61}.AppStore|iPhone.Deploy.0 = Debug|Any CPU
		{6BAD50EA-304C-4B16-956D-7C88187FAB61}.AppStore|iPhoneSimulator.ActiveCfg = Debug|Any CPU
		{6BAD50EA-304C-4B16-956D-7C88187FAB61}.AppStore|iPhoneSimulator.Build.0 = Debug|Any CPU
		{6BAD50EA-304C-4B16-956D-7C88187FAB61}.AppStore|iPhoneSimulator.Deploy.0 = Debug|Any CPU
		{6BAD50EA-304C-4B16-956D-7C88187FAB61}.AppStore|x64.ActiveCfg = Debug|Any CPU
		{6BAD50EA-304C-4B16-956D-7C88187FAB61}.AppStore|x64.Build.0 = Debug|Any CPU
		{6BAD50EA-304C-4B16-956D-7C88187FAB61}.AppStore|x64.Deploy.0 = Debug|Any CPU
		{6BAD50EA-304C-4B16-956D-7C88187FAB61}.AppStore|x86.ActiveCfg = Debug|Any CPU
		{6BAD50EA-304C-4B16-956D-7C88187FAB61}.AppStore|x86.Build.0 = Debug|Any CPU
		{6BAD50EA-304C-4B16-956D-7C88187FAB61}.AppStore|x86.Deploy.0 = Debug|Any CPU
		{6BAD50EA-304C-4B16-956D-7C88187FAB61}.Debug|Any CPU.ActiveCfg = Debug|Any CPU
		{6BAD50EA-304C-4B16-956D-7C88187FAB61}.Debug|Any CPU.Build.0 = Debug|Any CPU
		{6BAD50EA-304C-4B16-956D-7C88187FAB61}.Debug|Any CPU.Deploy.0 = Debug|Any CPU
		{6BAD50EA-304C-4B16-956D-7C88187FAB61}.Debug|ARM.ActiveCfg = Debug|Any CPU
		{6BAD50EA-304C-4B16-956D-7C88187FAB61}.Debug|ARM.Build.0 = Debug|Any CPU
		{6BAD50EA-304C-4B16-956D-7C88187FAB61}.Debug|ARM.Deploy.0 = Debug|Any CPU
		{6BAD50EA-304C-4B16-956D-7C88187FAB61}.Debug|iPhone.ActiveCfg = Debug|Any CPU
		{6BAD50EA-304C-4B16-956D-7C88187FAB61}.Debug|iPhone.Build.0 = Debug|Any CPU
		{6BAD50EA-304C-4B16-956D-7C88187FAB61}.Debug|iPhone.Deploy.0 = Debug|Any CPU
		{6BAD50EA-304C-4B16-956D-7C88187FAB61}.Debug|iPhoneSimulator.ActiveCfg = Debug|Any CPU
		{6BAD50EA-304C-4B16-956D-7C88187FAB61}.Debug|iPhoneSimulator.Build.0 = Debug|Any CPU
		{6BAD50EA-304C-4B16-956D-7C88187FAB61}.Debug|iPhoneSimulator.Deploy.0 = Debug|Any CPU
		{6BAD50EA-304C-4B16-956D-7C88187FAB61}.Debug|x64.ActiveCfg = Debug|Any CPU
		{6BAD50EA-304C-4B16-956D-7C88187FAB61}.Debug|x64.Build.0 = Debug|Any CPU
		{6BAD50EA-304C-4B16-956D-7C88187FAB61}.Debug|x64.Deploy.0 = Debug|Any CPU
		{6BAD50EA-304C-4B16-956D-7C88187FAB61}.Debug|x86.ActiveCfg = Debug|Any CPU
		{6BAD50EA-304C-4B16-956D-7C88187FAB61}.Debug|x86.Build.0 = Debug|Any CPU
		{6BAD50EA-304C-4B16-956D-7C88187FAB61}.Debug|x86.Deploy.0 = Debug|Any CPU
		{6BAD50EA-304C-4B16-956D-7C88187FAB61}.Release|Any CPU.ActiveCfg = Release|Any CPU
		{6BAD50EA-304C-4B16-956D-7C88187FAB61}.Release|Any CPU.Build.0 = Release|Any CPU
		{6BAD50EA-304C-4B16-956D-7C88187FAB61}.Release|Any CPU.Deploy.0 = Release|Any CPU
		{6BAD50EA-304C-4B16-956D-7C88187FAB61}.Release|ARM.ActiveCfg = Release|Any CPU
		{6BAD50EA-304C-4B16-956D-7C88187FAB61}.Release|ARM.Build.0 = Release|Any CPU
		{6BAD50EA-304C-4B16-956D-7C88187FAB61}.Release|ARM.Deploy.0 = Release|Any CPU
		{6BAD50EA-304C-4B16-956D-7C88187FAB61}.Release|iPhone.ActiveCfg = Release|Any CPU
		{6BAD50EA-304C-4B16-956D-7C88187FAB61}.Release|iPhone.Build.0 = Release|Any CPU
		{6BAD50EA-304C-4B16-956D-7C88187FAB61}.Release|iPhone.Deploy.0 = Release|Any CPU
		{6BAD50EA-304C-4B16-956D-7C88187FAB61}.Release|iPhoneSimulator.ActiveCfg = Release|Any CPU
		{6BAD50EA-304C-4B16-956D-7C88187FAB61}.Release|iPhoneSimulator.Build.0 = Release|Any CPU
		{6BAD50EA-304C-4B16-956D-7C88187FAB61}.Release|iPhoneSimulator.Deploy.0 = Release|Any CPU
		{6BAD50EA-304C-4B16-956D-7C88187FAB61}.Release|x64.ActiveCfg = Release|Any CPU
		{6BAD50EA-304C-4B16-956D-7C88187FAB61}.Release|x64.Build.0 = Release|Any CPU
		{6BAD50EA-304C-4B16-956D-7C88187FAB61}.Release|x64.Deploy.0 = Release|Any CPU
		{6BAD50EA-304C-4B16-956D-7C88187FAB61}.Release|x86.ActiveCfg = Release|Any CPU
		{6BAD50EA-304C-4B16-956D-7C88187FAB61}.Release|x86.Build.0 = Release|Any CPU
		{6BAD50EA-304C-4B16-956D-7C88187FAB61}.Release|x86.Deploy.0 = Release|Any CPU
	EndGlobalSection
	GlobalSection(SolutionProperties) = preSolution
		HideSolutionNode = FALSE
	EndGlobalSection
	GlobalSection(ExtensibilityGlobals) = postSolution
		SolutionGuid = {27E8BE28-937D-4CE6-9B7A-2128474A0BAA}
	EndGlobalSection
EndGlobal
